
Microsoft Visual Studio Solution File, Format Version 12.00
# Visual Studio Version 16
VisualStudioVersion = 16.0.29215.179
MinimumVisualStudioVersion = 10.0.40219.1
Project("{FAE04EC0-301F-11D3-BF4B-00C04F79EFBC}") = "AppDevTest", "AppDevTest\AppDevTest.csproj", "{524E927D-6DB8-4F47-BFD6-2AE0CBB8E052}"
EndProject
Project("{FAE04EC0-301F-11D3-BF4B-00C04F79EFBC}") = "UnitTests", "UnitTests\UnitTests.csproj", "{3545C858-40A1-4323-97EC-57333B35C1D0}"
EndProject
Project("{2150E333-8FDC-42A3-9474-1A3956D46DE8}") = "Solution Items", "Solution Items", "{32186DDF-841B-4E6F-A72E-E36905E0E907}"
	ProjectSection(SolutionItems) = preProject
		README.md = README.md
	EndProjectSection
EndProject
Global
	GlobalSection(SolutionConfigurationPlatforms) = preSolution
		Debug|Any CPU = Debug|Any CPU
		Release|Any CPU = Release|Any CPU
	EndGlobalSection
	GlobalSection(ProjectConfigurationPlatforms) = postSolution
		{524E927D-6DB8-4F47-BFD6-2AE0CBB8E052}.Debug|Any CPU.ActiveCfg = Debug|Any CPU
		{524E927D-6DB8-4F47-BFD6-2AE0CBB8E052}.Debug|Any CPU.Build.0 = Debug|Any CPU
		{524E927D-6DB8-4F47-BFD6-2AE0CBB8E052}.Release|Any CPU.ActiveCfg = Release|Any CPU
		{524E927D-6DB8-4F47-BFD6-2AE0CBB8E052}.Release|Any CPU.Build.0 = Release|Any CPU
		{3545C858-40A1-4323-97EC-57333B35C1D0}.Debug|Any CPU.ActiveCfg = Debug|Any CPU
		{3545C858-40A1-4323-97EC-57333B35C1D0}.Debug|Any CPU.Build.0 = Debug|Any CPU
		{3545C858-40A1-4323-97EC-57333B35C1D0}.Release|Any CPU.ActiveCfg = Release|Any CPU
		{3545C858-40A1-4323-97EC-57333B35C1D0}.Release|Any CPU.Build.0 = Release|Any CPU
	EndGlobalSection
	GlobalSection(SolutionProperties) = preSolution
		HideSolutionNode = FALSE
	EndGlobalSection
	GlobalSection(ExtensibilityGlobals) = postSolution
		SolutionGuid = {B5F67B3D-21D2-4E0B-B8A0-8843F4720E83}
	EndGlobalSection
EndGlobal
